// !$*UTF8*$!
{
	archiveVersion = 1;
	classes = {
	};
	objectVersion = 56;
	objects = {

/* Begin PBXBuildFile section */
		84852E0A29BB061F008F621F /* Target_A.swift in Sources */ = {isa = PBXBuildFile; fileRef = 84852E0629BB061F008F621F /* Target_A.swift */; };
		84852E0B29BB061F008F621F /* DemoViewController.swift in Sources */ = {isa = PBXBuildFile; fileRef = 84852E0729BB061F008F621F /* DemoViewController.swift */; };
		84852E0C29BB061F008F621F /* A_Extension.swift in Sources */ = {isa = PBXBuildFile; fileRef = 84852E0929BB061F008F621F /* A_Extension.swift */; };
		84E362A129B9C759001EFDDC /* AppDelegate.swift in Sources */ = {isa = PBXBuildFile; fileRef = 84E362A029B9C759001EFDDC /* AppDelegate.swift */; };
		84E362A329B9C759001EFDDC /* SceneDelegate.swift in Sources */ = {isa = PBXBuildFile; fileRef = 84E362A229B9C759001EFDDC /* SceneDelegate.swift */; };
		84E362A529B9C759001EFDDC /* ViewController.swift in Sources */ = {isa = PBXBuildFile; fileRef = 84E362A429B9C759001EFDDC /* ViewController.swift */; };
		84E362A829B9C759001EFDDC /* Main.storyboard in Resources */ = {isa = PBXBuildFile; fileRef = 84E362A629B9C759001EFDDC /* Main.storyboard */; };
		84E362AA29B9C75A001EFDDC /* Assets.xcassets in Resources */ = {isa = PBXBuildFile; fileRef = 84E362A929B9C75A001EFDDC /* Assets.xcassets */; };
		84E362AD29B9C75A001EFDDC /* LaunchScreen.storyboard in Resources */ = {isa = PBXBuildFile; fileRef = 84E362AB29B9C75A001EFDDC /* LaunchScreen.storyboard */; };
		A5D1A2AC23285DE4428F87DF /* Pods_A.framework in Frameworks */ = {isa = PBXBuildFile; fileRef = BDA9664379BCE55649F7E555 /* Pods_A.framework */; };
/* End PBXBuildFile section */

/* Begin PBXFileReference section */
		790FEF967FD9FCB359D71A99 /* Pods-A.debug.xcconfig */ = {isa = PBXFileReference; includeInIndex = 1; lastKnownFileType = text.xcconfig; name = "Pods-A.debug.xcconfig"; path = "Target Support Files/Pods-A/Pods-A.debug.xcconfig"; sourceTree = "<group>"; };
		84852E0629BB061F008F621F /* Target_A.swift */ = {isa = PBXFileReference; fileEncoding = 4; lastKnownFileType = sourcecode.swift; path = Target_A.swift; sourceTree = "<group>"; };
		84852E0729BB061F008F621F /* DemoViewController.swift */ = {isa = PBXFileReference; fileEncoding = 4; lastKnownFileType = sourcecode.swift; path = DemoViewController.swift; sourceTree = "<group>"; };
		84852E0929BB061F008F621F /* A_Extension.swift */ = {isa = PBXFileReference; fileEncoding = 4; lastKnownFileType = sourcecode.swift; path = A_Extension.swift; sourceTree = "<group>"; };
		84E3629D29B9C759001EFDDC /* A.app */ = {isa = PBXFileReference; explicitFileType = wrapper.application; includeInIndex = 0; path = A.app; sourceTree = BUILT_PRODUCTS_DIR; };
		84E362A029B9C759001EFDDC /* AppDelegate.swift */ = {isa = PBXFileReference; lastKnownFileType = sourcecode.swift; path = AppDelegate.swift; sourceTree = "<group>"; };
		84E362A229B9C759001EFDDC /* SceneDelegate.swift */ = {isa = PBXFileReference; lastKnownFileType = sourcecode.swift; path = SceneDelegate.swift; sourceTree = "<group>"; };
		84E362A429B9C759001EFDDC /* ViewController.swift */ = {isa = PBXFileReference; lastKnownFileType = sourcecode.swift; path = ViewController.swift; sourceTree = "<group>"; };
		84E362A729B9C759001EFDDC /* Base */ = {isa = PBXFileReference; lastKnownFileType = file.storyboard; name = Base; path = Base.lproj/Main.storyboard; sourceTree = "<group>"; };
		84E362A929B9C75A001EFDDC /* Assets.xcassets */ = {isa = PBXFileReference; lastKnownFileType = folder.assetcatalog; path = Assets.xcassets; sourceTree = "<group>"; };
		84E362AC29B9C75A001EFDDC /* Base */ = {isa = PBXFileReference; lastKnownFileType = file.storyboard; name = Base; path = Base.lproj/LaunchScreen.storyboard; sourceTree = "<group>"; };
		84E362AE29B9C75A001EFDDC /* Info.plist */ = {isa = PBXFileReference; lastKnownFileType = text.plist.xml; path = Info.plist; sourceTree = "<group>"; };
		B944D0447C7616B5992723F0 /* Pods-A.release.xcconfig */ = {isa = PBXFileReference; includeInIndex = 1; lastKnownFileType = text.xcconfig; name = "Pods-A.release.xcconfig"; path = "Target Support Files/Pods-A/Pods-A.release.xcconfig"; sourceTree = "<group>"; };
		BDA9664379BCE55649F7E555 /* Pods_A.framework */ = {isa = PBXFileReference; explicitFileType = wrapper.framework; includeInIndex = 0; path = Pods_A.framework; sourceTree = BUILT_PRODUCTS_DIR; };
/* End PBXFileReference section */

/* Begin PBXFrameworksBuildPhase section */
		84E3629A29B9C759001EFDDC /* Frameworks */ = {
			isa = PBXFrameworksBuildPhase;
			buildActionMask = 2147483647;
			files = (
				A5D1A2AC23285DE4428F87DF /* Pods_A.framework in Frameworks */,
			);
			runOnlyForDeploymentPostprocessing = 0;
		};
/* End PBXFrameworksBuildPhase section */

/* Begin PBXGroup section */
		768D3D82C4E11C9D6AB1E9C5 /* Pods */ = {
			isa = PBXGroup;
			children = (
				790FEF967FD9FCB359D71A99 /* Pods-A.debug.xcconfig */,
				B944D0447C7616B5992723F0 /* Pods-A.release.xcconfig */,
			);
			path = Pods;
			sourceTree = "<group>";
		};
		84852E0429BB061F008F621F /* Source */ = {
			isa = PBXGroup;
			children = (
				84852E0529BB061F008F621F /* Target */,
				84852E0729BB061F008F621F /* DemoViewController.swift */,
			);
			path = Source;
			sourceTree = "<group>";
		};
		84852E0529BB061F008F621F /* Target */ = {
			isa = PBXGroup;
			children = (
				84852E0629BB061F008F621F /* Target_A.swift */,
			);
			path = Target;
			sourceTree = "<group>";
		};
		84852E0829BB061F008F621F /* Extension */ = {
			isa = PBXGroup;
			children = (
				84852E0929BB061F008F621F /* A_Extension.swift */,
			);
			path = Extension;
			sourceTree = "<group>";
		};
		84E3629429B9C759001EFDDC = {
			isa = PBXGroup;
			children = (
				84E3629F29B9C759001EFDDC /* A */,
				84E3629E29B9C759001EFDDC /* Products */,
				768D3D82C4E11C9D6AB1E9C5 /* Pods */,
				AA4479F6B42F9E23FCA29C24 /* Frameworks */,
			);
			sourceTree = "<group>";
		};
		84E3629E29B9C759001EFDDC /* Products */ = {
			isa = PBXGroup;
			children = (
				84E3629D29B9C759001EFDDC /* A.app */,
			);
			name = Products;
			sourceTree = "<group>";
		};
		84E3629F29B9C759001EFDDC /* A */ = {
			isa = PBXGroup;
			children = (
				84852E0829BB061F008F621F /* Extension */,
				84852E0429BB061F008F621F /* Source */,
				84E362A029B9C759001EFDDC /* AppDelegate.swift */,
				84E362A229B9C759001EFDDC /* SceneDelegate.swift */,
				84E362A429B9C759001EFDDC /* ViewController.swift */,
				84E362A629B9C759001EFDDC /* Main.storyboard */,
				84E362A929B9C75A001EFDDC /* Assets.xcassets */,
				84E362AB29B9C75A001EFDDC /* LaunchScreen.storyboard */,
				84E362AE29B9C75A001EFDDC /* Info.plist */,
			);
			path = A;
			sourceTree = "<group>";
		};
		AA4479F6B42F9E23FCA29C24 /* Frameworks */ = {
			isa = PBXGroup;
			children = (
				BDA9664379BCE55649F7E555 /* Pods_A.framework */,
			);
			name = Frameworks;
			sourceTree = "<group>";
		};
/* End PBXGroup section */

/* Begin PBXNativeTarget section */
		84E3629C29B9C759001EFDDC /* A */ = {
			isa = PBXNativeTarget;
			buildConfigurationList = 84E362B129B9C75A001EFDDC /* Build configuration list for PBXNativeTarget "A" */;
			buildPhases = (
				699ED7B5163F03751F01EE70 /* [CP] Check Pods Manifest.lock */,
				84E3629929B9C759001EFDDC /* Sources */,
				84E3629A29B9C759001EFDDC /* Frameworks */,
				84E3629B29B9C759001EFDDC /* Resources */,
				45F8ABDE6609AF733CD34A3B /* [CP] Embed Pods Frameworks */,
			);
			buildRules = (
			);
			dependencies = (
			);
			name = A;
			productName = A;
			productReference = 84E3629D29B9C759001EFDDC /* A.app */;
			productType = "com.apple.product-type.application";
		};
/* End PBXNativeTarget section */

/* Begin PBXProject section */
		84E3629529B9C759001EFDDC /* Project object */ = {
			isa = PBXProject;
			attributes = {
				BuildIndependentTargetsInParallel = 1;
				LastSwiftUpdateCheck = 1400;
				LastUpgradeCheck = 1400;
				TargetAttributes = {
					84E3629C29B9C759001EFDDC = {
						CreatedOnToolsVersion = 14.0;
					};
				};
			};
			buildConfigurationList = 84E3629829B9C759001EFDDC /* Build configuration list for PBXProject "A" */;
			compatibilityVersion = "Xcode 14.0";
			developmentRegion = en;
			hasScannedForEncodings = 0;
			knownRegions = (
				en,
				Base,
			);
			mainGroup = 84E3629429B9C759001EFDDC;
			productRefGroup = 84E3629E29B9C759001EFDDC /* Products */;
			projectDirPath = "";
			projectRoot = "";
			targets = (
				84E3629C29B9C759001EFDDC /* A */,
			);
		};
/* End PBXProject section */

/* Begin PBXResourcesBuildPhase section */
		84E3629B29B9C759001EFDDC /* Resources */ = {
			isa = PBXResourcesBuildPhase;
			buildActionMask = 2147483647;
			files = (
				84E362AD29B9C75A001EFDDC /* LaunchScreen.storyboard in Resources */,
				84E362AA29B9C75A001EFDDC /* Assets.xcassets in Resources */,
				84E362A829B9C759001EFDDC /* Main.storyboard in Resources */,
			);
			runOnlyForDeploymentPostprocessing = 0;
		};
/* End PBXResourcesBuildPhase section */

/* Begin PBXShellScriptBuildPhase section */
		45F8ABDE6609AF733CD34A3B /* [CP] Embed Pods Frameworks */ = {
			isa = PBXShellScriptBuildPhase;
			buildActionMask = 2147483647;
			files = (
			);
			inputFileListPaths = (
				"${PODS_ROOT}/Target Support Files/Pods-A/Pods-A-frameworks-${CONFIGURATION}-input-files.xcfilelist",
			);
			name = "[CP] Embed Pods Frameworks";
			outputFileListPaths = (
				"${PODS_ROOT}/Target Support Files/Pods-A/Pods-A-frameworks-${CONFIGURATION}-output-files.xcfilelist",
			);
			runOnlyForDeploymentPostprocessing = 0;
			shellPath = /bin/sh;
			shellScript = "\"${PODS_ROOT}/Target Support Files/Pods-A/Pods-A-frameworks.sh\"\n";
			showEnvVarsInLog = 0;
		};
		699ED7B5163F03751F01EE70 /* [CP] Check Pods Manifest.lock */ = {
			isa = PBXShellScriptBuildPhase;
			buildActionMask = 2147483647;
			files = (
			);
			inputFileListPaths = (
			);
			inputPaths = (
				"${PODS_PODFILE_DIR_PATH}/Podfile.lock",
				"${PODS_ROOT}/Manifest.lock",
			);
			name = "[CP] Check Pods Manifest.lock";
			outputFileListPaths = (
			);
			outputPaths = (
				"$(DERIVED_FILE_DIR)/Pods-A-checkManifestLockResult.txt",
			);
			runOnlyForDeploymentPostprocessing = 0;
			shellPath = /bin/sh;
			shellScript = "diff \"${PODS_PODFILE_DIR_PATH}/Podfile.lock\" \"${PODS_ROOT}/Manifest.lock\" > /dev/null\nif [ $? != 0 ] ; then\n    # print error to STDERR\n    echo \"error: The sandbox is not in sync with the Podfile.lock. Run 'pod install' or update your CocoaPods installation.\" >&2\n    exit 1\nfi\n# This output is used by Xcode 'outputs' to avoid re-running this script phase.\necho \"SUCCESS\" > \"${SCRIPT_OUTPUT_FILE_0}\"\n";
			showEnvVarsInLog = 0;
		};
/* End PBXShellScriptBuildPhase section */

/* Begin PBXSourcesBuildPhase section */
		84E3629929B9C759001EFDDC /* Sources */ = {
			isa = PBXSourcesBuildPhase;
			buildActionMask = 2147483647;
			files = (
				84852E0A29BB061F008F621F /* Target_A.swift in Sources */,
				84E362A529B9C759001EFDDC /* ViewController.swift in Sources */,
				84E362A129B9C759001EFDDC /* AppDelegate.swift in Sources */,
				84E362A329B9C759001EFDDC /* SceneDelegate.swift in Sources */,
				84852E0B29BB061F008F621F /* DemoViewController.swift in Sources */,
				84852E0C29BB061F008F621F /* A_Extension.swift in Sources */,
			);
			runOnlyForDeploymentPostprocessing = 0;
		};
/* End PBXSourcesBuildPhase section */

/* Begin PBXVariantGroup section */
		84E362A629B9C759001EFDDC /* Main.storyboard */ = {
			isa = PBXVariantGroup;
			children = (
				84E362A729B9C759001EFDDC /* Base */,
			);
			name = Main.storyboard;
			sourceTree = "<group>";
		};
		84E362AB29B9C75A001EFDDC /* LaunchScreen.storyboard */ = {
			isa = PBXVariantGroup;
			children = (
				84E362AC29B9C75A001EFDDC /* Base */,
			);
			name = LaunchScreen.storyboard;
			sourceTree = "<group>";
		};
/* End PBXVariantGroup section */

/* Begin XCBuildConfiguration section */
		84E362AF29B9C75A001EFDDC /* Debug */ = {
			isa = XCBuildConfiguration;
			buildSettings = {
				ALWAYS_SEARCH_USER_PATHS = NO;
				CLANG_ANALYZER_NONNULL = YES;
				CLANG_ANALYZER_NUMBER_OBJECT_CONVERSION = YES_AGGRESSIVE;
				CLANG_CXX_LANGUAGE_STANDARD = "gnu++20";
				CLANG_ENABLE_MODULES = YES;
				CLANG_ENABLE_OBJC_ARC = YES;
				CLANG_ENABLE_OBJC_WEAK = YES;
				CLANG_WARN_BLOCK_CAPTURE_AUTORELEASING = YES;
				CLANG_WARN_BOOL_CONVERSION = YES;
				CLANG_WARN_COMMA = YES;
				CLANG_WARN_CONSTANT_CONVERSION = YES;
				CLANG_WARN_DEPRECATED_OBJC_IMPLEMENTATIONS = YES;
				CLANG_WARN_DIRECT_OBJC_ISA_USAGE = YES_ERROR;
				CLANG_WARN_DOCUMENTATION_COMMENTS = YES;
				CLANG_WARN_EMPTY_BODY = YES;
				CLANG_WARN_ENUM_CONVERSION = YES;
				CLANG_WARN_INFINITE_RECURSION = YES;
				CLANG_WARN_INT_CONVERSION = YES;
				CLANG_WARN_NON_LITERAL_NULL_CONVERSION = YES;
				CLANG_WARN_OBJC_IMPLICIT_RETAIN_SELF = YES;
				CLANG_WARN_OBJC_LITERAL_CONVERSION = YES;
				CLANG_WARN_OBJC_ROOT_CLASS = YES_ERROR;
				CLANG_WARN_QUOTED_INCLUDE_IN_FRAMEWORK_HEADER = YES;
				CLANG_WARN_RANGE_LOOP_ANALYSIS = YES;
				CLANG_WARN_STRICT_PROTOTYPES = YES;
				CLANG_WARN_SUSPICIOUS_MOVE = YES;
				CLANG_WARN_UNGUARDED_AVAILABILITY = YES_AGGRESSIVE;
				CLANG_WARN_UNREACHABLE_CODE = YES;
				CLANG_WARN__DUPLICATE_METHOD_MATCH = YES;
				COPY_PHASE_STRIP = NO;
				DEBUG_INFORMATION_FORMAT = dwarf;
				ENABLE_STRICT_OBJC_MSGSEND = YES;
				ENABLE_TESTABILITY = YES;
				GCC_C_LANGUAGE_STANDARD = gnu11;
				GCC_DYNAMIC_NO_PIC = NO;
				GCC_NO_COMMON_BLOCKS = YES;
				GCC_OPTIMIZATION_LEVEL = 0;
				GCC_PREPROCESSOR_DEFINITIONS = (
					"DEBUG=1",
					"$(inherited)",
				);
				GCC_WARN_64_TO_32_BIT_CONVERSION = YES;
				GCC_WARN_ABOUT_RETURN_TYPE = YES_ERROR;
				GCC_WARN_UNDECLARED_SELECTOR = YES;
				GCC_WARN_UNINITIALIZED_AUTOS = YES_AGGRESSIVE;
				GCC_WARN_UNUSED_FUNCTION = YES;
				GCC_WARN_UNUSED_VARIABLE = YES;
				IPHONEOS_DEPLOYMENT_TARGET = 16.0;
				MTL_ENABLE_DEBUG_INFO = INCLUDE_SOURCE;
				MTL_FAST_MATH = YES;
				ONLY_ACTIVE_ARCH = YES;
				SDKROOT = iphoneos;
				SWIFT_ACTIVE_COMPILATION_CONDITIONS = DEBUG;
				SWIFT_OPTIMIZATION_LEVEL = "-Onone";
			};
			name = Debug;
		};
		84E362B029B9C75A001EFDDC /* Release */ = {
			isa = XCBuildConfiguration;
			buildSettings = {
				ALWAYS_SEARCH_USER_PATHS = NO;
				CLANG_ANALYZER_NONNULL = YES;
				CLANG_ANALYZER_NUMBER_OBJECT_CONVERSION = YES_AGGRESSIVE;
				CLANG_CXX_LANGUAGE_STANDARD = "gnu++20";
				CLANG_ENABLE_MODULES = YES;
				CLANG_ENABLE_OBJC_ARC = YES;
				CLANG_ENABLE_OBJC_WEAK = YES;
				CLANG_WARN_BLOCK_CAPTURE_AUTORELEASING = YES;
				CLANG_WARN_BOOL_CONVERSION = YES;
				CLANG_WARN_COMMA = YES;
				CLANG_WARN_CONSTANT_CONVERSION = YES;
				CLANG_WARN_DEPRECATED_OBJC_IMPLEMENTATIONS = YES;
				CLANG_WARN_DIRECT_OBJC_ISA_USAGE = YES_ERROR;
				CLANG_WARN_DOCUMENTATION_COMMENTS = YES;
				CLANG_WARN_EMPTY_BODY = YES;
				CLANG_WARN_ENUM_CONVERSION = YES;
				CLANG_WARN_INFINITE_RECURSION = YES;
				CLANG_WARN_INT_CONVERSION = YES;
				CLANG_WARN_NON_LITERAL_NULL_CONVERSION = YES;
				CLANG_WARN_OBJC_IMPLICIT_RETAIN_SELF = YES;
				CLANG_WARN_OBJC_LITERAL_CONVERSION = YES;
				CLANG_WARN_OBJC_ROOT_CLASS = YES_ERROR;
				CLANG_WARN_QUOTED_INCLUDE_IN_FRAMEWORK_HEADER = YES;
				CLANG_WARN_RANGE_LOOP_ANALYSIS = YES;
				CLANG_WARN_STRICT_PROTOTYPES = YES;
				CLANG_WARN_SUSPICIOUS_MOVE = YES;
				CLANG_WARN_UNGUARDED_AVAILABILITY = YES_AGGRESSIVE;
				CLANG_WARN_UNREACHABLE_CODE = YES;
				CLANG_WARN__DUPLICATE_METHOD_MATCH = YES;
				COPY_PHASE_STRIP = NO;
				DEBUG_INFORMATION_FORMAT = "dwarf-with-dsym";
				ENABLE_NS_ASSERTIONS = NO;
				ENABLE_STRICT_OBJC_MSGSEND = YES;
				GCC_C_LANGUAGE_STANDARD = gnu11;
				GCC_NO_COMMON_BLOCKS = YES;
				GCC_WARN_64_TO_32_BIT_CONVERSION = YES;
				GCC_WARN_ABOUT_RETURN_TYPE = YES_ERROR;
				GCC_WARN_UNDECLARED_SELECTOR = YES;
				GCC_WARN_UNINITIALIZED_AUTOS = YES_AGGRESSIVE;
				GCC_WARN_UNUSED_FUNCTION = YES;
				GCC_WARN_UNUSED_VARIABLE = YES;
				IPHONEOS_DEPLOYMENT_TARGET = 16.0;
				MTL_ENABLE_DEBUG_INFO = NO;
				MTL_FAST_MATH = YES;
				SDKROOT = iphoneos;
				SWIFT_COMPILATION_MODE = wholemodule;
				SWIFT_OPTIMIZATION_LEVEL = "-O";
				VALIDATE_PRODUCT = YES;
			};
			name = Release;
		};
		84E362B229B9C75A001EFDDC /* Debug */ = {
			isa = XCBuildConfiguration;
			baseConfigurationReference = 790FEF967FD9FCB359D71A99 /* Pods-A.debug.xcconfig */;
			buildSettings = {
				ASSETCATALOG_COMPILER_APPICON_NAME = AppIcon;
				ASSETCATALOG_COMPILER_GLOBAL_ACCENT_COLOR_NAME = AccentColor;
				CODE_SIGN_STYLE = Automatic;
				CURRENT_PROJECT_VERSION = 1;
				GENERATE_INFOPLIST_FILE = YES;
				INFOPLIST_FILE = A/Info.plist;
				INFOPLIST_KEY_UIApplicationSupportsIndirectInputEvents = YES;
				INFOPLIST_KEY_UILaunchStoryboardName = LaunchScreen;
				INFOPLIST_KEY_UIMainStoryboardFile = Main;
				INFOPLIST_KEY_UISupportedInterfaceOrientations_iPad = "UIInterfaceOrientationPortrait UIInterfaceOrientationPortraitUpsideDown UIInterfaceOrientationLandscapeLeft UIInterfaceOrientationLandscapeRight";
				INFOPLIST_KEY_UISupportedInterfaceOrientations_iPhone = "UIInterfaceOrientationPortrait UIInterfaceOrientationLandscapeLeft UIInterfaceOrientationLandscapeRight";
				LD_RUNPATH_SEARCH_PATHS = (
					"$(inherited)",
					"@executable_path/Frameworks",
				);
				MARKETING_VERSION = 1.0;
				PRODUCT_BUNDLE_IDENTIFIER = "-23.A";
				PRODUCT_NAME = "$(TARGET_NAME)";
				SWIFT_EMIT_LOC_STRINGS = YES;
				SWIFT_VERSION = 5.0;
				TARGETED_DEVICE_FAMILY = "1,2";
			};
			name = Debug;
		};
		84E362B329B9C75A001EFDDC /* Release */ = {
			isa = XCBuildConfiguration;
			baseConfigurationReference = B944D0447C7616B5992723F0 /* Pods-A.release.xcconfig */;
			buildSettings = {
				ASSETCATALOG_COMPILER_APPICON_NAME = AppIcon;
				ASSETCATALOG_COMPILER_GLOBAL_ACCENT_COLOR_NAME = AccentColor;
				CODE_SIGN_STYLE = Automatic;
				CURRENT_PROJECT_VERSION = 1;
				GENERATE_INFOPLIST_FILE = YES;
				INFOPLIST_FILE = A/Info.plist;
				INFOPLIST_KEY_UIApplicationSupportsIndirectInputEvents = YES;
				INFOPLIST_KEY_UILaunchStoryboardName = LaunchScreen;
				INFOPLIST_KEY_UIMainStoryboardFile = Main;
				INFOPLIST_KEY_UISupportedInterfaceOrientations_iPad = "UIInterfaceOrientationPortrait UIInterfaceOrientationPortraitUpsideDown UIInterfaceOrientationLandscapeLeft UIInterfaceOrientationLandscapeRight";
				INFOPLIST_KEY_UISupportedInterfaceOrientations_iPhone = "UIInterfaceOrientationPortrait UIInterfaceOrientationLandscapeLeft UIInterfaceOrientationLandscapeRight";
				LD_RUNPATH_SEARCH_PATHS = (
					"$(inherited)",
					"@executable_path/Frameworks",
				);
				MARKETING_VERSION = 1.0;
				PRODUCT_BUNDLE_IDENTIFIER = "-23.A";
				PRODUCT_NAME = "$(TARGET_NAME)";
				SWIFT_EMIT_LOC_STRINGS = YES;
				SWIFT_VERSION = 5.0;
				TARGETED_DEVICE_FAMILY = "1,2";
			};
			name = Release;
		};
/* End XCBuildConfiguration section */

/* Begin XCConfigurationList section */
		84E3629829B9C759001EFDDC /* Build configuration list for PBXProject "A" */ = {
			isa = XCConfigurationList;
			buildConfigurations = (
				84E362AF29B9C75A001EFDDC /* Debug */,
				84E362B029B9C75A001EFDDC /* Release */,
			);
			defaultConfigurationIsVisible = 0;
			defaultConfigurationName = Release;
		};
		84E362B129B9C75A001EFDDC /* Build configuration list for PBXNativeTarget "A" */ = {
			isa = XCConfigurationList;
			buildConfigurations = (
				84E362B229B9C75A001EFDDC /* Debug */,
				84E362B329B9C75A001EFDDC /* Release */,
			);
			defaultConfigurationIsVisible = 0;
			defaultConfigurationName = Release;
		};
/* End XCConfigurationList section */
	};
	rootObject = 84E3629529B9C759001EFDDC /* Project object */;
}
